{
  "requires": true,
  "lockfileVersion": 1,
  "dependencies": {
    "date-fns": {
      "version": "2.16.1",
      "resolved": "https://registry.npmjs.org/date-fns/-/date-fns-2.16.1.tgz",
      "integrity": "sha512-sAJVKx/FqrLYHAQeN7VpJrPhagZc9R4ImZIWYRFZaaohR3KzmuK88touwsSwSVT8Qcbd4zoDsnGfX4GFB4imyQ=="
    },
    "rand-token": {
      "version": "1.0.1",
      "resolved": "https://registry.npmjs.org/rand-token/-/rand-token-1.0.1.tgz",
      "integrity": "sha512-Zri5SfJmEzBJ3IexFdigvPSCamslJ7UjLkUn0tlgH7COJvaUr5V7FyUYgKifEMTw7gFO8ZLcWjcU+kq8akipzg=="
    }
  }
}
